
Microsoft Visual Studio Solution File, Format Version 12.00
# Visual Studio Version 17
VisualStudioVersion = 17.11.35327.3
MinimumVisualStudioVersion = 10.0.40219.1
Project("{FAE04EC0-301F-11D3-BF4B-00C04F79EFBC}") = "EmployeeManagementSystem.Web", "EmployeeManagementSystem.Web\EmployeeManagementSystem.Web.csproj", "{AA284BB8-66EB-4D0C-83DD-6F3135DE1D32}"
EndProject
Project("{FAE04EC0-301F-11D3-BF4B-00C04F79EFBC}") = "EmployeeManagementSystem.Core", "EmployeeManagementSystem.Core\EmployeeManagementSystem.Core.csproj", "{2C799571-B6E5-43D6-A8EC-B12F1582E575}"
EndProject
Project("{FAE04EC0-301F-11D3-BF4B-00C04F79EFBC}") = "EmployeeManagementSystem.Infrastructure", "EmployeeManagementSystem.Infrastructure\EmployeeManagementSystem.Infrastructure.csproj", "{6798D5E0-2B5F-45B3-A218-2C3514CDE798}"
EndProject
Global
	GlobalSection(SolutionConfigurationPlatforms) = preSolution
		Debug|Any CPU = Debug|Any CPU
		Release|Any CPU = Release|Any CPU
	EndGlobalSection
	GlobalSection(ProjectConfigurationPlatforms) = postSolution
		{AA284BB8-66EB-4D0C-83DD-6F3135DE1D32}.Debug|Any CPU.ActiveCfg = Debug|Any CPU
		{AA284BB8-66EB-4D0C-83DD-6F3135DE1D32}.Debug|Any CPU.Build.0 = Debug|Any CPU
		{AA284BB8-66EB-4D0C-83DD-6F3135DE1D32}.Release|Any CPU.ActiveCfg = Release|Any CPU
		{AA284BB8-66EB-4D0C-83DD-6F3135DE1D32}.Release|Any CPU.Build.0 = Release|Any CPU
		{2C799571-B6E5-43D6-A8EC-B12F1582E575}.Debug|Any CPU.ActiveCfg = Debug|Any CPU
		{2C799571-B6E5-43D6-A8EC-B12F1582E575}.Debug|Any CPU.Build.0 = Debug|Any CPU
		{2C799571-B6E5-43D6-A8EC-B12F1582E575}.Release|Any CPU.ActiveCfg = Release|Any CPU
		{2C799571-B6E5-43D6-A8EC-B12F1582E575}.Release|Any CPU.Build.0 = Release|Any CPU
		{6798D5E0-2B5F-45B3-A218-2C3514CDE798}.Debug|Any CPU.ActiveCfg = Debug|Any CPU
		{6798D5E0-2B5F-45B3-A218-2C3514CDE798}.Debug|Any CPU.Build.0 = Debug|Any CPU
		{6798D5E0-2B5F-45B3-A218-2C3514CDE798}.Release|Any CPU.ActiveCfg = Release|Any CPU
		{6798D5E0-2B5F-45B3-A218-2C3514CDE798}.Release|Any CPU.Build.0 = Release|Any CPU
	EndGlobalSection
	GlobalSection(SolutionProperties) = preSolution
		HideSolutionNode = FALSE
	EndGlobalSection
	GlobalSection(ExtensibilityGlobals) = postSolution
		SolutionGuid = {F36B666C-CA80-40E6-94B4-0A9142DF5B35}
	EndGlobalSection
EndGlobal
